
Microsoft Visual Studio Solution File, Format Version 12.00
# Visual Studio Version 17
VisualStudioVersion = 17.8.34330.188
MinimumVisualStudioVersion = 10.0.40219.1
Project("{9A19103F-16F7-4668-BE54-9A1E7A4F7556}") = "ElevatorControlSystem.Domain", "src\ElevatorControlSystem.Domain\ElevatorControlSystem.Domain.csproj", "{4D5C7387-1BEA-4F0A-98D1-5C5A5B2E4101}"
EndProject
Project("{9A19103F-16F7-4668-BE54-9A1E7A4F7556}") = "ElevatorControlSystem.Application", "src\ElevatorControlSystem.Application\ElevatorControlSystem.Application.csproj", "{A9F0DA74-9E27-4289-96AC-8C0A3F8B6202}"
EndProject
Project("{9A19103F-16F7-4668-BE54-9A1E7A4F7556}") = "ElevatorControlSystem.Infrastructure", "src\ElevatorControlSystem.Infrastructure\ElevatorControlSystem.Infrastructure.csproj", "{FCE73C0A-1F4B-4E9F-9D70-0CC9B54D7303}"
EndProject
Project("{9A19103F-16F7-4668-BE54-9A1E7A4F7556}") = "ElevatorControlSystem.Api", "src\ElevatorControlSystem.Api\ElevatorControlSystem.Api.csproj", "{D89C695F-4F23-4BB6-A6B8-3F1D054B8404}"
EndProject
Project("{2150E333-8FDC-42A3-9474-1A3956D46DE8}") = "tests", "tests", "{0AB3BF05-4346-4AA6-1389-037BE0695223}"
EndProject
Project("{FAE04EC0-301F-11D3-BF4B-00C04F79EFBC}") = "ElevatorControlSystem.Tests", "tests\ElevatorControlSystem.Tests\ElevatorControlSystem.Tests.csproj", "{E286853E-D298-4D5A-955E-1E198297F2E5}"
EndProject
Global
	GlobalSection(SolutionConfigurationPlatforms) = preSolution
		Debug|Any CPU = Debug|Any CPU
		Debug|x64 = Debug|x64
		Debug|x86 = Debug|x86
		Release|Any CPU = Release|Any CPU
		Release|x64 = Release|x64
		Release|x86 = Release|x86
	EndGlobalSection
	GlobalSection(ProjectConfigurationPlatforms) = postSolution
		{4D5C7387-1BEA-4F0A-98D1-5C5A5B2E4101}.Debug|Any CPU.ActiveCfg = Debug|Any CPU
		{4D5C7387-1BEA-4F0A-98D1-5C5A5B2E4101}.Debug|Any CPU.Build.0 = Debug|Any CPU
		{4D5C7387-1BEA-4F0A-98D1-5C5A5B2E4101}.Debug|x64.ActiveCfg = Debug|Any CPU
		{4D5C7387-1BEA-4F0A-98D1-5C5A5B2E4101}.Debug|x64.Build.0 = Debug|Any CPU
		{4D5C7387-1BEA-4F0A-98D1-5C5A5B2E4101}.Debug|x86.ActiveCfg = Debug|Any CPU
		{4D5C7387-1BEA-4F0A-98D1-5C5A5B2E4101}.Debug|x86.Build.0 = Debug|Any CPU
		{4D5C7387-1BEA-4F0A-98D1-5C5A5B2E4101}.Release|Any CPU.ActiveCfg = Release|Any CPU
		{4D5C7387-1BEA-4F0A-98D1-5C5A5B2E4101}.Release|Any CPU.Build.0 = Release|Any CPU
		{4D5C7387-1BEA-4F0A-98D1-5C5A5B2E4101}.Release|x64.ActiveCfg = Release|Any CPU
		{4D5C7387-1BEA-4F0A-98D1-5C5A5B2E4101}.Release|x64.Build.0 = Release|Any CPU
		{4D5C7387-1BEA-4F0A-98D1-5C5A5B2E4101}.Release|x86.ActiveCfg = Release|Any CPU
		{4D5C7387-1BEA-4F0A-98D1-5C5A5B2E4101}.Release|x86.Build.0 = Release|Any CPU
		{A9F0DA74-9E27-4289-96AC-8C0A3F8B6202}.Debug|Any CPU.ActiveCfg = Debug|Any CPU
		{A9F0DA74-9E27-4289-96AC-8C0A3F8B6202}.Debug|Any CPU.Build.0 = Debug|Any CPU
		{A9F0DA74-9E27-4289-96AC-8C0A3F8B6202}.Debug|x64.ActiveCfg = Debug|Any CPU
		{A9F0DA74-9E27-4289-96AC-8C0A3F8B6202}.Debug|x64.Build.0 = Debug|Any CPU
		{A9F0DA74-9E27-4289-96AC-8C0A3F8B6202}.Debug|x86.ActiveCfg = Debug|Any CPU
		{A9F0DA74-9E27-4289-96AC-8C0A3F8B6202}.Debug|x86.Build.0 = Debug|Any CPU
		{A9F0DA74-9E27-4289-96AC-8C0A3F8B6202}.Release|Any CPU.ActiveCfg = Release|Any CPU
		{A9F0DA74-9E27-4289-96AC-8C0A3F8B6202}.Release|Any CPU.Build.0 = Release|Any CPU
		{A9F0DA74-9E27-4289-96AC-8C0A3F8B6202}.Release|x64.ActiveCfg = Release|Any CPU
		{A9F0DA74-9E27-4289-96AC-8C0A3F8B6202}.Release|x64.Build.0 = Release|Any CPU
		{A9F0DA74-9E27-4289-96AC-8C0A3F8B6202}.Release|x86.ActiveCfg = Release|Any CPU
		{A9F0DA74-9E27-4289-96AC-8C0A3F8B6202}.Release|x86.Build.0 = Release|Any CPU
		{FCE73C0A-1F4B-4E9F-9D70-0CC9B54D7303}.Debug|Any CPU.ActiveCfg = Debug|Any CPU
		{FCE73C0A-1F4B-4E9F-9D70-0CC9B54D7303}.Debug|Any CPU.Build.0 = Debug|Any CPU
		{FCE73C0A-1F4B-4E9F-9D70-0CC9B54D7303}.Debug|x64.ActiveCfg = Debug|Any CPU
		{FCE73C0A-1F4B-4E9F-9D70-0CC9B54D7303}.Debug|x64.Build.0 = Debug|Any CPU
		{FCE73C0A-1F4B-4E9F-9D70-0CC9B54D7303}.Debug|x86.ActiveCfg = Debug|Any CPU
		{FCE73C0A-1F4B-4E9F-9D70-0CC9B54D7303}.Debug|x86.Build.0 = Debug|Any CPU
		{FCE73C0A-1F4B-4E9F-9D70-0CC9B54D7303}.Release|Any CPU.ActiveCfg = Release|Any CPU
		{FCE73C0A-1F4B-4E9F-9D70-0CC9B54D7303}.Release|Any CPU.Build.0 = Release|Any CPU
		{FCE73C0A-1F4B-4E9F-9D70-0CC9B54D7303}.Release|x64.ActiveCfg = Release|Any CPU
		{FCE73C0A-1F4B-4E9F-9D70-0CC9B54D7303}.Release|x64.Build.0 = Release|Any CPU
		{FCE73C0A-1F4B-4E9F-9D70-0CC9B54D7303}.Release|x86.ActiveCfg = Release|Any CPU
		{FCE73C0A-1F4B-4E9F-9D70-0CC9B54D7303}.Release|x86.Build.0 = Release|Any CPU
		{D89C695F-4F23-4BB6-A6B8-3F1D054B8404}.Debug|Any CPU.ActiveCfg = Debug|Any CPU
		{D89C695F-4F23-4BB6-A6B8-3F1D054B8404}.Debug|Any CPU.Build.0 = Debug|Any CPU
		{D89C695F-4F23-4BB6-A6B8-3F1D054B8404}.Debug|x64.ActiveCfg = Debug|Any CPU
		{D89C695F-4F23-4BB6-A6B8-3F1D054B8404}.Debug|x64.Build.0 = Debug|Any CPU
		{D89C695F-4F23-4BB6-A6B8-3F1D054B8404}.Debug|x86.ActiveCfg = Debug|Any CPU
		{D89C695F-4F23-4BB6-A6B8-3F1D054B8404}.Debug|x86.Build.0 = Debug|Any CPU
		{D89C695F-4F23-4BB6-A6B8-3F1D054B8404}.Release|Any CPU.ActiveCfg = Release|Any CPU
		{D89C695F-4F23-4BB6-A6B8-3F1D054B8404}.Release|Any CPU.Build.0 = Release|Any CPU
		{D89C695F-4F23-4BB6-A6B8-3F1D054B8404}.Release|x64.ActiveCfg = Release|Any CPU
		{D89C695F-4F23-4BB6-A6B8-3F1D054B8404}.Release|x64.Build.0 = Release|Any CPU
		{D89C695F-4F23-4BB6-A6B8-3F1D054B8404}.Release|x86.ActiveCfg = Release|Any CPU
		{D89C695F-4F23-4BB6-A6B8-3F1D054B8404}.Release|x86.Build.0 = Release|Any CPU
		{E286853E-D298-4D5A-955E-1E198297F2E5}.Debug|Any CPU.ActiveCfg = Debug|Any CPU
		{E286853E-D298-4D5A-955E-1E198297F2E5}.Debug|Any CPU.Build.0 = Debug|Any CPU
		{E286853E-D298-4D5A-955E-1E198297F2E5}.Debug|x64.ActiveCfg = Debug|Any CPU
		{E286853E-D298-4D5A-955E-1E198297F2E5}.Debug|x64.Build.0 = Debug|Any CPU
		{E286853E-D298-4D5A-955E-1E198297F2E5}.Debug|x86.ActiveCfg = Debug|Any CPU
		{E286853E-D298-4D5A-955E-1E198297F2E5}.Debug|x86.Build.0 = Debug|Any CPU
		{E286853E-D298-4D5A-955E-1E198297F2E5}.Release|Any CPU.ActiveCfg = Release|Any CPU
		{E286853E-D298-4D5A-955E-1E198297F2E5}.Release|Any CPU.Build.0 = Release|Any CPU
		{E286853E-D298-4D5A-955E-1E198297F2E5}.Release|x64.ActiveCfg = Release|Any CPU
		{E286853E-D298-4D5A-955E-1E198297F2E5}.Release|x64.Build.0 = Release|Any CPU
		{E286853E-D298-4D5A-955E-1E198297F2E5}.Release|x86.ActiveCfg = Release|Any CPU
		{E286853E-D298-4D5A-955E-1E198297F2E5}.Release|x86.Build.0 = Release|Any CPU
	EndGlobalSection
	GlobalSection(SolutionProperties) = preSolution
		HideSolutionNode = FALSE
	EndGlobalSection
	GlobalSection(NestedProjects) = preSolution
		{E286853E-D298-4D5A-955E-1E198297F2E5} = {0AB3BF05-4346-4AA6-1389-037BE0695223}
	EndGlobalSection
EndGlobal
